
Microsoft Visual Studio Solution File, Format Version 12.00
# Visual Studio 15
VisualStudioVersion = 15.0.27130.2036
MinimumVisualStudioVersion = 10.0.40219.1
Project("{FAE04EC0-301F-11D3-BF4B-00C04F79EFBC}") = "1) Caesar cipher", "InformationProtection-Tasks\1) Caesar cipher.csproj", "{AAB2AFA5-1617-4CBC-905C-890DECFA381E}"
EndProject
Project("{FAE04EC0-301F-11D3-BF4B-00C04F79EFBC}") = "2) Gamma cipher", "2) Gamma cipher\2) Gamma cipher.csproj", "{755B0B6D-390B-44DC-982D-BBCA765BBC97}"
EndProject
Project("{FAE04EC0-301F-11D3-BF4B-00C04F79EFBC}") = "3) BBS", "3) BBS\3) BBS.csproj", "{614FCF68-B920-4DBF-9950-D4D35A1D142B}"
EndProject
Project("{FAE04EC0-301F-11D3-BF4B-00C04F79EFBC}") = "4) Diffie–Hellman", "4) Diffie–Hellman\4) Diffie–Hellman.csproj", "{BD0B8819-C8E2-4CE0-9D6A-154188E9E8EA}"
EndProject
Project("{FAE04EC0-301F-11D3-BF4B-00C04F79EFBC}") = "5) RSA", "5) RSA\5) RSA.csproj", "{290A12AD-DABF-433C-BEF5-6570E9E679EA}"
EndProject
Global
	GlobalSection(SolutionConfigurationPlatforms) = preSolution
		Debug|Any CPU = Debug|Any CPU
		Release|Any CPU = Release|Any CPU
	EndGlobalSection
	GlobalSection(ProjectConfigurationPlatforms) = postSolution
		{AAB2AFA5-1617-4CBC-905C-890DECFA381E}.Debug|Any CPU.ActiveCfg = Debug|Any CPU
		{AAB2AFA5-1617-4CBC-905C-890DECFA381E}.Debug|Any CPU.Build.0 = Debug|Any CPU
		{AAB2AFA5-1617-4CBC-905C-890DECFA381E}.Release|Any CPU.ActiveCfg = Release|Any CPU
		{AAB2AFA5-1617-4CBC-905C-890DECFA381E}.Release|Any CPU.Build.0 = Release|Any CPU
		{755B0B6D-390B-44DC-982D-BBCA765BBC97}.Debug|Any CPU.ActiveCfg = Debug|Any CPU
		{755B0B6D-390B-44DC-982D-BBCA765BBC97}.Debug|Any CPU.Build.0 = Debug|Any CPU
		{755B0B6D-390B-44DC-982D-BBCA765BBC97}.Release|Any CPU.ActiveCfg = Release|Any CPU
		{755B0B6D-390B-44DC-982D-BBCA765BBC97}.Release|Any CPU.Build.0 = Release|Any CPU
		{614FCF68-B920-4DBF-9950-D4D35A1D142B}.Debug|Any CPU.ActiveCfg = Debug|Any CPU
		{614FCF68-B920-4DBF-9950-D4D35A1D142B}.Debug|Any CPU.Build.0 = Debug|Any CPU
		{614FCF68-B920-4DBF-9950-D4D35A1D142B}.Release|Any CPU.ActiveCfg = Release|Any CPU
		{614FCF68-B920-4DBF-9950-D4D35A1D142B}.Release|Any CPU.Build.0 = Release|Any CPU
		{BD0B8819-C8E2-4CE0-9D6A-154188E9E8EA}.Debug|Any CPU.ActiveCfg = Debug|Any CPU
		{BD0B8819-C8E2-4CE0-9D6A-154188E9E8EA}.Debug|Any CPU.Build.0 = Debug|Any CPU
		{BD0B8819-C8E2-4CE0-9D6A-154188E9E8EA}.Release|Any CPU.ActiveCfg = Release|Any CPU
		{BD0B8819-C8E2-4CE0-9D6A-154188E9E8EA}.Release|Any CPU.Build.0 = Release|Any CPU
		{290A12AD-DABF-433C-BEF5-6570E9E679EA}.Debug|Any CPU.ActiveCfg = Debug|Any CPU
		{290A12AD-DABF-433C-BEF5-6570E9E679EA}.Debug|Any CPU.Build.0 = Debug|Any CPU
		{290A12AD-DABF-433C-BEF5-6570E9E679EA}.Release|Any CPU.ActiveCfg = Release|Any CPU
		{290A12AD-DABF-433C-BEF5-6570E9E679EA}.Release|Any CPU.Build.0 = Release|Any CPU
	EndGlobalSection
	GlobalSection(SolutionProperties) = preSolution
		HideSolutionNode = FALSE
	EndGlobalSection
	GlobalSection(ExtensibilityGlobals) = postSolution
		SolutionGuid = {E3489C5D-2A97-42F5-B825-25C4F246799C}
	EndGlobalSection
EndGlobal
